// !$*UTF8*$!
{
	archiveVersion = 1;
	classes = {
	};
	objectVersion = 50;
	objects = {

/* Begin PBXBuildFile section */
		3D468ADF2155249B00207442 /* Helper.swift in Sources */ = {isa = PBXBuildFile; fileRef = 3D468ADE2155249B00207442 /* Helper.swift */; };
		3D468AE1215535AB00207442 /* ErrorManager.swift in Sources */ = {isa = PBXBuildFile; fileRef = 3D468AE0215535AB00207442 /* ErrorManager.swift */; };
		3DFD883821513636009190AC /* AppDelegate.swift in Sources */ = {isa = PBXBuildFile; fileRef = 3DFD883721513636009190AC /* AppDelegate.swift */; };
		3DFD883D21513636009190AC /* Main.storyboard in Resources */ = {isa = PBXBuildFile; fileRef = 3DFD883B21513636009190AC /* Main.storyboard */; };
		3DFD883F21513637009190AC /* Assets.xcassets in Resources */ = {isa = PBXBuildFile; fileRef = 3DFD883E21513637009190AC /* Assets.xcassets */; };
		3DFD884221513637009190AC /* LaunchScreen.storyboard in Resources */ = {isa = PBXBuildFile; fileRef = 3DFD884021513637009190AC /* LaunchScreen.storyboard */; };
		3DFD885221513AEB009190AC /* HotelsTableViewController.swift in Sources */ = {isa = PBXBuildFile; fileRef = 3DFD885121513AEB009190AC /* HotelsTableViewController.swift */; };
		3DFD885721513D61009190AC /* OpenSans-Semibold.ttf in Resources */ = {isa = PBXBuildFile; fileRef = 3DFD885421513D61009190AC /* OpenSans-Semibold.ttf */; };
		3DFD885821513D61009190AC /* OpenSans-Light.ttf in Resources */ = {isa = PBXBuildFile; fileRef = 3DFD885521513D61009190AC /* OpenSans-Light.ttf */; };
		3DFD885921513D61009190AC /* OpenSans-Regular.ttf in Resources */ = {isa = PBXBuildFile; fileRef = 3DFD885621513D61009190AC /* OpenSans-Regular.ttf */; };
		3DFD885C21514032009190AC /* NetworkLogic.swift in Sources */ = {isa = PBXBuildFile; fileRef = 3DFD885B21514032009190AC /* NetworkLogic.swift */; };
		3DFD885E21514B4E009190AC /* Hotel.swift in Sources */ = {isa = PBXBuildFile; fileRef = 3DFD885D21514B4E009190AC /* Hotel.swift */; };
		3DFD886021527FF4009190AC /* HotelCell.swift in Sources */ = {isa = PBXBuildFile; fileRef = 3DFD885F21527FF4009190AC /* HotelCell.swift */; };
		3DFD88672152A9B7009190AC /* CurrentHotelController.swift in Sources */ = {isa = PBXBuildFile; fileRef = 3DFD88662152A9B7009190AC /* CurrentHotelController.swift */; };
		3DFD886B2152DC47009190AC /* HotelMetadata.swift in Sources */ = {isa = PBXBuildFile; fileRef = 3DFD886A2152DC47009190AC /* HotelMetadata.swift */; };
		3DFD887221539FE3009190AC /* SearchFilterView.swift in Sources */ = {isa = PBXBuildFile; fileRef = 3DFD887121539FE3009190AC /* SearchFilterView.swift */; };
		3DFD88742153AD3B009190AC /* SearchFilterController.swift in Sources */ = {isa = PBXBuildFile; fileRef = 3DFD88732153AD3B009190AC /* SearchFilterController.swift */; };
		3DFD88762153B118009190AC /* Filter.swift in Sources */ = {isa = PBXBuildFile; fileRef = 3DFD88752153B118009190AC /* Filter.swift */; };
		3DFD88982153D373009190AC /* HotelSorting.swift in Sources */ = {isa = PBXBuildFile; fileRef = 3DFD88972153D373009190AC /* HotelSorting.swift */; };
		3DFD889A2153EB3F009190AC /* HotelsTableView.swift in Sources */ = {isa = PBXBuildFile; fileRef = 3DFD88992153EB3F009190AC /* HotelsTableView.swift */; };
		3DFD889C2154F1CF009190AC /* CurrentHotelView.swift in Sources */ = {isa = PBXBuildFile; fileRef = 3DFD889B2154F1CF009190AC /* CurrentHotelView.swift */; };
/* End PBXBuildFile section */

/* Begin PBXFileReference section */
		3D468ADE2155249B00207442 /* Helper.swift */ = {isa = PBXFileReference; lastKnownFileType = sourcecode.swift; path = Helper.swift; sourceTree = "<group>"; };
		3D468AE0215535AB00207442 /* ErrorManager.swift */ = {isa = PBXFileReference; lastKnownFileType = sourcecode.swift; path = ErrorManager.swift; sourceTree = "<group>"; };
		3DFD883421513636009190AC /* TestTask_1809.app */ = {isa = PBXFileReference; explicitFileType = wrapper.application; includeInIndex = 0; path = TestTask_1809.app; sourceTree = BUILT_PRODUCTS_DIR; };
		3DFD883721513636009190AC /* AppDelegate.swift */ = {isa = PBXFileReference; lastKnownFileType = sourcecode.swift; path = AppDelegate.swift; sourceTree = "<group>"; };
		3DFD883C21513636009190AC /* Base */ = {isa = PBXFileReference; lastKnownFileType = file.storyboard; name = Base; path = Base.lproj/Main.storyboard; sourceTree = "<group>"; };
		3DFD883E21513637009190AC /* Assets.xcassets */ = {isa = PBXFileReference; lastKnownFileType = folder.assetcatalog; path = Assets.xcassets; sourceTree = "<group>"; };
		3DFD884121513637009190AC /* Base */ = {isa = PBXFileReference; lastKnownFileType = file.storyboard; name = Base; path = Base.lproj/LaunchScreen.storyboard; sourceTree = "<group>"; };
		3DFD884321513637009190AC /* Info.plist */ = {isa = PBXFileReference; lastKnownFileType = text.plist.xml; path = Info.plist; sourceTree = "<group>"; };
		3DFD885121513AEB009190AC /* HotelsTableViewController.swift */ = {isa = PBXFileReference; lastKnownFileType = sourcecode.swift; path = HotelsTableViewController.swift; sourceTree = "<group>"; };
		3DFD885421513D61009190AC /* OpenSans-Semibold.ttf */ = {isa = PBXFileReference; lastKnownFileType = file; path = "OpenSans-Semibold.ttf"; sourceTree = "<group>"; };
		3DFD885521513D61009190AC /* OpenSans-Light.ttf */ = {isa = PBXFileReference; lastKnownFileType = file; path = "OpenSans-Light.ttf"; sourceTree = "<group>"; };
		3DFD885621513D61009190AC /* OpenSans-Regular.ttf */ = {isa = PBXFileReference; lastKnownFileType = file; path = "OpenSans-Regular.ttf"; sourceTree = "<group>"; };
		3DFD885B21514032009190AC /* NetworkLogic.swift */ = {isa = PBXFileReference; lastKnownFileType = sourcecode.swift; path = NetworkLogic.swift; sourceTree = "<group>"; };
		3DFD885D21514B4E009190AC /* Hotel.swift */ = {isa = PBXFileReference; lastKnownFileType = sourcecode.swift; path = Hotel.swift; sourceTree = "<group>"; };
		3DFD885F21527FF4009190AC /* HotelCell.swift */ = {isa = PBXFileReference; lastKnownFileType = sourcecode.swift; path = HotelCell.swift; sourceTree = "<group>"; };
		3DFD88662152A9B7009190AC /* CurrentHotelController.swift */ = {isa = PBXFileReference; lastKnownFileType = sourcecode.swift; path = CurrentHotelController.swift; sourceTree = "<group>"; };
		3DFD886A2152DC47009190AC /* HotelMetadata.swift */ = {isa = PBXFileReference; lastKnownFileType = sourcecode.swift; path = HotelMetadata.swift; sourceTree = "<group>"; };
		3DFD887121539FE3009190AC /* SearchFilterView.swift */ = {isa = PBXFileReference; lastKnownFileType = sourcecode.swift; path = SearchFilterView.swift; sourceTree = "<group>"; };
		3DFD88732153AD3B009190AC /* SearchFilterController.swift */ = {isa = PBXFileReference; lastKnownFileType = sourcecode.swift; path = SearchFilterController.swift; sourceTree = "<group>"; };
		3DFD88752153B118009190AC /* Filter.swift */ = {isa = PBXFileReference; lastKnownFileType = sourcecode.swift; path = Filter.swift; sourceTree = "<group>"; };
		3DFD88972153D373009190AC /* HotelSorting.swift */ = {isa = PBXFileReference; lastKnownFileType = sourcecode.swift; path = HotelSorting.swift; sourceTree = "<group>"; };
		3DFD88992153EB3F009190AC /* HotelsTableView.swift */ = {isa = PBXFileReference; lastKnownFileType = sourcecode.swift; path = HotelsTableView.swift; sourceTree = "<group>"; };
		3DFD889B2154F1CF009190AC /* CurrentHotelView.swift */ = {isa = PBXFileReference; lastKnownFileType = sourcecode.swift; path = CurrentHotelView.swift; sourceTree = "<group>"; };
/* End PBXFileReference section */

/* Begin PBXFrameworksBuildPhase section */
		3DFD883121513636009190AC /* Frameworks */ = {
			isa = PBXFrameworksBuildPhase;
			buildActionMask = 2147483647;
			files = (
			);
			runOnlyForDeploymentPostprocessing = 0;
		};
/* End PBXFrameworksBuildPhase section */

/* Begin PBXGroup section */
		3DFD882B21513636009190AC = {
			isa = PBXGroup;
			children = (
				3DFD883621513636009190AC /* TestTask_1809 */,
				3DFD883521513636009190AC /* Products */,
			);
			sourceTree = "<group>";
		};
		3DFD883521513636009190AC /* Products */ = {
			isa = PBXGroup;
			children = (
				3DFD883421513636009190AC /* TestTask_1809.app */,
			);
			name = Products;
			sourceTree = "<group>";
		};
		3DFD883621513636009190AC /* TestTask_1809 */ = {
			isa = PBXGroup;
			children = (
				3DFD886C21539F8F009190AC /* SearchFilterWindow */,
				3DFD88612152A942009190AC /* CurrentHotelWindow */,
				3DFD885A21513FC4009190AC /* NetworkStack */,
				3DFD885321513D22009190AC /* Fonts */,
				3DFD88492151381A009190AC /* MainResultWindow */,
				3DFD883721513636009190AC /* AppDelegate.swift */,
				3DFD883B21513636009190AC /* Main.storyboard */,
				3DFD883E21513637009190AC /* Assets.xcassets */,
				3DFD884021513637009190AC /* LaunchScreen.storyboard */,
				3DFD884321513637009190AC /* Info.plist */,
				3D468ADE2155249B00207442 /* Helper.swift */,
				3D468AE0215535AB00207442 /* ErrorManager.swift */,
			);
			path = TestTask_1809;
			sourceTree = "<group>";
		};
		3DFD88492151381A009190AC /* MainResultWindow */ = {
			isa = PBXGroup;
			children = (
				3DFD884B21513835009190AC /* Model */,
				3DFD884A21513828009190AC /* View */,
				3DFD884C2151383B009190AC /* Controller */,
			);
			path = MainResultWindow;
			sourceTree = "<group>";
		};
		3DFD884A21513828009190AC /* View */ = {
			isa = PBXGroup;
			children = (
				3DFD885F21527FF4009190AC /* HotelCell.swift */,
				3DFD88992153EB3F009190AC /* HotelsTableView.swift */,
			);
			path = View;
			sourceTree = "<group>";
		};
		3DFD884B21513835009190AC /* Model */ = {
			isa = PBXGroup;
			children = (
				3DFD885D21514B4E009190AC /* Hotel.swift */,
				3DFD886A2152DC47009190AC /* HotelMetadata.swift */,
				3DFD88972153D373009190AC /* HotelSorting.swift */,
			);
			path = Model;
			sourceTree = "<group>";
		};
		3DFD884C2151383B009190AC /* Controller */ = {
			isa = PBXGroup;
			children = (
				3DFD885121513AEB009190AC /* HotelsTableViewController.swift */,
			);
			path = Controller;
			sourceTree = "<group>";
		};
		3DFD885321513D22009190AC /* Fonts */ = {
			isa = PBXGroup;
			children = (
				3DFD885521513D61009190AC /* OpenSans-Light.ttf */,
				3DFD885621513D61009190AC /* OpenSans-Regular.ttf */,
				3DFD885421513D61009190AC /* OpenSans-Semibold.ttf */,
			);
			path = Fonts;
			sourceTree = "<group>";
		};
		3DFD885A21513FC4009190AC /* NetworkStack */ = {
			isa = PBXGroup;
			children = (
				3DFD885B21514032009190AC /* NetworkLogic.swift */,
			);
			path = NetworkStack;
			sourceTree = "<group>";
		};
		3DFD88612152A942009190AC /* CurrentHotelWindow */ = {
			isa = PBXGroup;
			children = (
				3DFD88652152A991009190AC /* CurrentHotelModel */,
				3DFD88642152A97D009190AC /* CurrentHotelView */,
				3DFD88622152A968009190AC /* CurrentHotelController */,
			);
			path = CurrentHotelWindow;
			sourceTree = "<group>";
		};
		3DFD88622152A968009190AC /* CurrentHotelController */ = {
			isa = PBXGroup;
			children = (
				3DFD88662152A9B7009190AC /* CurrentHotelController.swift */,
			);
			path = CurrentHotelController;
			sourceTree = "<group>";
		};
		3DFD88642152A97D009190AC /* CurrentHotelView */ = {
			isa = PBXGroup;
			children = (
				3DFD889B2154F1CF009190AC /* CurrentHotelView.swift */,
			);
			path = CurrentHotelView;
			sourceTree = "<group>";
		};
		3DFD88652152A991009190AC /* CurrentHotelModel */ = {
			isa = PBXGroup;
			children = (
			);
			path = CurrentHotelModel;
			sourceTree = "<group>";
		};
		3DFD886C21539F8F009190AC /* SearchFilterWindow */ = {
			isa = PBXGroup;
			children = (
				3DFD887021539FC9009190AC /* SearchFilterView */,
				3DFD886F21539FBC009190AC /* SearchFilterModel */,
				3DFD886D21539FA2009190AC /* SearchFilterController */,
			);
			path = SearchFilterWindow;
			sourceTree = "<group>";
		};
		3DFD886D21539FA2009190AC /* SearchFilterController */ = {
			isa = PBXGroup;
			children = (
				3DFD88732153AD3B009190AC /* SearchFilterController.swift */,
			);
			path = SearchFilterController;
			sourceTree = "<group>";
		};
		3DFD886F21539FBC009190AC /* SearchFilterModel */ = {
			isa = PBXGroup;
			children = (
				3DFD88752153B118009190AC /* Filter.swift */,
			);
			path = SearchFilterModel;
			sourceTree = "<group>";
		};
		3DFD887021539FC9009190AC /* SearchFilterView */ = {
			isa = PBXGroup;
			children = (
				3DFD887121539FE3009190AC /* SearchFilterView.swift */,
			);
			path = SearchFilterView;
			sourceTree = "<group>";
		};
/* End PBXGroup section */

/* Begin PBXNativeTarget section */
		3DFD883321513636009190AC /* TestTask_1809 */ = {
			isa = PBXNativeTarget;
			buildConfigurationList = 3DFD884621513637009190AC /* Build configuration list for PBXNativeTarget "TestTask_1809" */;
			buildPhases = (
				3DFD883021513636009190AC /* Sources */,
				3DFD883121513636009190AC /* Frameworks */,
				3DFD883221513636009190AC /* Resources */,
			);
			buildRules = (
			);
			dependencies = (
			);
			name = TestTask_1809;
			productName = TestTask_1809;
			productReference = 3DFD883421513636009190AC /* TestTask_1809.app */;
			productType = "com.apple.product-type.application";
		};
/* End PBXNativeTarget section */

/* Begin PBXProject section */
		3DFD882C21513636009190AC /* Project object */ = {
			isa = PBXProject;
			attributes = {
				LastSwiftUpdateCheck = 0930;
				LastUpgradeCheck = 0930;
				ORGANIZATIONNAME = "Nikita Kechinov";
				TargetAttributes = {
					3DFD883321513636009190AC = {
						CreatedOnToolsVersion = 9.3;
					};
				};
			};
			buildConfigurationList = 3DFD882F21513636009190AC /* Build configuration list for PBXProject "TestTask_1809" */;
			compatibilityVersion = "Xcode 9.3";
			developmentRegion = en;
			hasScannedForEncodings = 0;
			knownRegions = (
				en,
				Base,
			);
			mainGroup = 3DFD882B21513636009190AC;
			productRefGroup = 3DFD883521513636009190AC /* Products */;
			projectDirPath = "";
			projectRoot = "";
			targets = (
				3DFD883321513636009190AC /* TestTask_1809 */,
			);
		};
/* End PBXProject section */

/* Begin PBXResourcesBuildPhase section */
		3DFD883221513636009190AC /* Resources */ = {
			isa = PBXResourcesBuildPhase;
			buildActionMask = 2147483647;
			files = (
				3DFD885721513D61009190AC /* OpenSans-Semibold.ttf in Resources */,
				3DFD884221513637009190AC /* LaunchScreen.storyboard in Resources */,
				3DFD883F21513637009190AC /* Assets.xcassets in Resources */,
				3DFD885821513D61009190AC /* OpenSans-Light.ttf in Resources */,
				3DFD885921513D61009190AC /* OpenSans-Regular.ttf in Resources */,
				3DFD883D21513636009190AC /* Main.storyboard in Resources */,
			);
			runOnlyForDeploymentPostprocessing = 0;
		};
/* End PBXResourcesBuildPhase section */

/* Begin PBXSourcesBuildPhase section */
		3DFD883021513636009190AC /* Sources */ = {
			isa = PBXSourcesBuildPhase;
			buildActionMask = 2147483647;
			files = (
				3DFD88742153AD3B009190AC /* SearchFilterController.swift in Sources */,
				3D468ADF2155249B00207442 /* Helper.swift in Sources */,
				3DFD886021527FF4009190AC /* HotelCell.swift in Sources */,
				3DFD889C2154F1CF009190AC /* CurrentHotelView.swift in Sources */,
				3DFD885E21514B4E009190AC /* Hotel.swift in Sources */,
				3DFD88982153D373009190AC /* HotelSorting.swift in Sources */,
				3DFD88672152A9B7009190AC /* CurrentHotelController.swift in Sources */,
				3DFD886B2152DC47009190AC /* HotelMetadata.swift in Sources */,
				3DFD88762153B118009190AC /* Filter.swift in Sources */,
				3D468AE1215535AB00207442 /* ErrorManager.swift in Sources */,
				3DFD889A2153EB3F009190AC /* HotelsTableView.swift in Sources */,
				3DFD885C21514032009190AC /* NetworkLogic.swift in Sources */,
				3DFD883821513636009190AC /* AppDelegate.swift in Sources */,
				3DFD887221539FE3009190AC /* SearchFilterView.swift in Sources */,
				3DFD885221513AEB009190AC /* HotelsTableViewController.swift in Sources */,
			);
			runOnlyForDeploymentPostprocessing = 0;
		};
/* End PBXSourcesBuildPhase section */

/* Begin PBXVariantGroup section */
		3DFD883B21513636009190AC /* Main.storyboard */ = {
			isa = PBXVariantGroup;
			children = (
				3DFD883C21513636009190AC /* Base */,
			);
			name = Main.storyboard;
			sourceTree = "<group>";
		};
		3DFD884021513637009190AC /* LaunchScreen.storyboard */ = {
			isa = PBXVariantGroup;
			children = (
				3DFD884121513637009190AC /* Base */,
			);
			name = LaunchScreen.storyboard;
			sourceTree = "<group>";
		};
/* End PBXVariantGroup section */

/* Begin XCBuildConfiguration section */
		3DFD884421513637009190AC /* Debug */ = {
			isa = XCBuildConfiguration;
			buildSettings = {
				ALWAYS_SEARCH_USER_PATHS = NO;
				CLANG_ANALYZER_NONNULL = YES;
				CLANG_ANALYZER_NUMBER_OBJECT_CONVERSION = YES_AGGRESSIVE;
				CLANG_CXX_LANGUAGE_STANDARD = "gnu++14";
				CLANG_CXX_LIBRARY = "libc++";
				CLANG_ENABLE_MODULES = YES;
				CLANG_ENABLE_OBJC_ARC = YES;
				CLANG_ENABLE_OBJC_WEAK = YES;
				CLANG_WARN_BLOCK_CAPTURE_AUTORELEASING = YES;
				CLANG_WARN_BOOL_CONVERSION = YES;
				CLANG_WARN_COMMA = YES;
				CLANG_WARN_CONSTANT_CONVERSION = YES;
				CLANG_WARN_DEPRECATED_OBJC_IMPLEMENTATIONS = YES;
				CLANG_WARN_DIRECT_OBJC_ISA_USAGE = YES_ERROR;
				CLANG_WARN_DOCUMENTATION_COMMENTS = YES;
				CLANG_WARN_EMPTY_BODY = YES;
				CLANG_WARN_ENUM_CONVERSION = YES;
				CLANG_WARN_INFINITE_RECURSION = YES;
				CLANG_WARN_INT_CONVERSION = YES;
				CLANG_WARN_NON_LITERAL_NULL_CONVERSION = YES;
				CLANG_WARN_OBJC_IMPLICIT_RETAIN_SELF = YES;
				CLANG_WARN_OBJC_LITERAL_CONVERSION = YES;
				CLANG_WARN_OBJC_ROOT_CLASS = YES_ERROR;
				CLANG_WARN_RANGE_LOOP_ANALYSIS = YES;
				CLANG_WARN_STRICT_PROTOTYPES = YES;
				CLANG_WARN_SUSPICIOUS_MOVE = YES;
				CLANG_WARN_UNGUARDED_AVAILABILITY = YES_AGGRESSIVE;
				CLANG_WARN_UNREACHABLE_CODE = YES;
				CLANG_WARN__DUPLICATE_METHOD_MATCH = YES;
				CODE_SIGN_IDENTITY = "iPhone Developer";
				COPY_PHASE_STRIP = NO;
				DEBUG_INFORMATION_FORMAT = dwarf;
				ENABLE_STRICT_OBJC_MSGSEND = YES;
				ENABLE_TESTABILITY = YES;
				GCC_C_LANGUAGE_STANDARD = gnu11;
				GCC_DYNAMIC_NO_PIC = NO;
				GCC_NO_COMMON_BLOCKS = YES;
				GCC_OPTIMIZATION_LEVEL = 0;
				GCC_PREPROCESSOR_DEFINITIONS = (
					"DEBUG=1",
					"$(inherited)",
				);
				GCC_WARN_64_TO_32_BIT_CONVERSION = YES;
				GCC_WARN_ABOUT_RETURN_TYPE = YES_ERROR;
				GCC_WARN_UNDECLARED_SELECTOR = YES;
				GCC_WARN_UNINITIALIZED_AUTOS = YES_AGGRESSIVE;
				GCC_WARN_UNUSED_FUNCTION = YES;
				GCC_WARN_UNUSED_VARIABLE = YES;
				IPHONEOS_DEPLOYMENT_TARGET = 10.0;
				MTL_ENABLE_DEBUG_INFO = YES;
				ONLY_ACTIVE_ARCH = YES;
				SDKROOT = iphoneos;
				SWIFT_ACTIVE_COMPILATION_CONDITIONS = DEBUG;
				SWIFT_OPTIMIZATION_LEVEL = "-Onone";
			};
			name = Debug;
		};
		3DFD884521513637009190AC /* Release */ = {
			isa = XCBuildConfiguration;
			buildSettings = {
				ALWAYS_SEARCH_USER_PATHS = NO;
				CLANG_ANALYZER_NONNULL = YES;
				CLANG_ANALYZER_NUMBER_OBJECT_CONVERSION = YES_AGGRESSIVE;
				CLANG_CXX_LANGUAGE_STANDARD = "gnu++14";
				CLANG_CXX_LIBRARY = "libc++";
				CLANG_ENABLE_MODULES = YES;
				CLANG_ENABLE_OBJC_ARC = YES;
				CLANG_ENABLE_OBJC_WEAK = YES;
				CLANG_WARN_BLOCK_CAPTURE_AUTORELEASING = YES;
				CLANG_WARN_BOOL_CONVERSION = YES;
				CLANG_WARN_COMMA = YES;
				CLANG_WARN_CONSTANT_CONVERSION = YES;
				CLANG_WARN_DEPRECATED_OBJC_IMPLEMENTATIONS = YES;
				CLANG_WARN_DIRECT_OBJC_ISA_USAGE = YES_ERROR;
				CLANG_WARN_DOCUMENTATION_COMMENTS = YES;
				CLANG_WARN_EMPTY_BODY = YES;
				CLANG_WARN_ENUM_CONVERSION = YES;
				CLANG_WARN_INFINITE_RECURSION = YES;
				CLANG_WARN_INT_CONVERSION = YES;
				CLANG_WARN_NON_LITERAL_NULL_CONVERSION = YES;
				CLANG_WARN_OBJC_IMPLICIT_RETAIN_SELF = YES;
				CLANG_WARN_OBJC_LITERAL_CONVERSION = YES;
				CLANG_WARN_OBJC_ROOT_CLASS = YES_ERROR;
				CLANG_WARN_RANGE_LOOP_ANALYSIS = YES;
				CLANG_WARN_STRICT_PROTOTYPES = YES;
				CLANG_WARN_SUSPICIOUS_MOVE = YES;
				CLANG_WARN_UNGUARDED_AVAILABILITY = YES_AGGRESSIVE;
				CLANG_WARN_UNREACHABLE_CODE = YES;
				CLANG_WARN__DUPLICATE_METHOD_MATCH = YES;
				CODE_SIGN_IDENTITY = "iPhone Developer";
				COPY_PHASE_STRIP = NO;
				DEBUG_INFORMATION_FORMAT = "dwarf-with-dsym";
				ENABLE_NS_ASSERTIONS = NO;
				ENABLE_STRICT_OBJC_MSGSEND = YES;
				GCC_C_LANGUAGE_STANDARD = gnu11;
				GCC_NO_COMMON_BLOCKS = YES;
				GCC_WARN_64_TO_32_BIT_CONVERSION = YES;
				GCC_WARN_ABOUT_RETURN_TYPE = YES_ERROR;
				GCC_WARN_UNDECLARED_SELECTOR = YES;
				GCC_WARN_UNINITIALIZED_AUTOS = YES_AGGRESSIVE;
				GCC_WARN_UNUSED_FUNCTION = YES;
				GCC_WARN_UNUSED_VARIABLE = YES;
				IPHONEOS_DEPLOYMENT_TARGET = 10.0;
				MTL_ENABLE_DEBUG_INFO = NO;
				SDKROOT = iphoneos;
				SWIFT_COMPILATION_MODE = wholemodule;
				SWIFT_OPTIMIZATION_LEVEL = "-O";
				VALIDATE_PRODUCT = YES;
			};
			name = Release;
		};
		3DFD884721513637009190AC /* Debug */ = {
			isa = XCBuildConfiguration;
			buildSettings = {
				ASSETCATALOG_COMPILER_APPICON_NAME = AppIcon;
				CODE_SIGN_STYLE = Automatic;
				DEVELOPMENT_TEAM = 9QD9Y49583;
				INFOPLIST_FILE = TestTask_1809/Info.plist;
				IPHONEOS_DEPLOYMENT_TARGET = 10.0;
				LD_RUNPATH_SEARCH_PATHS = (
					"$(inherited)",
					"@executable_path/Frameworks",
				);
				PRODUCT_BUNDLE_IDENTIFIER = "com.kechin.TestTask-1809";
				PRODUCT_NAME = "$(TARGET_NAME)";
				SWIFT_VERSION = 4.0;
				TARGETED_DEVICE_FAMILY = "1,2";
			};
			name = Debug;
		};
		3DFD884821513637009190AC /* Release */ = {
			isa = XCBuildConfiguration;
			buildSettings = {
				ASSETCATALOG_COMPILER_APPICON_NAME = AppIcon;
				CODE_SIGN_STYLE = Automatic;
				DEVELOPMENT_TEAM = 9QD9Y49583;
				INFOPLIST_FILE = TestTask_1809/Info.plist;
				IPHONEOS_DEPLOYMENT_TARGET = 10.0;
				LD_RUNPATH_SEARCH_PATHS = (
					"$(inherited)",
					"@executable_path/Frameworks",
				);
				PRODUCT_BUNDLE_IDENTIFIER = "com.kechin.TestTask-1809";
				PRODUCT_NAME = "$(TARGET_NAME)";
				SWIFT_VERSION = 4.0;
				TARGETED_DEVICE_FAMILY = "1,2";
			};
			name = Release;
		};
/* End XCBuildConfiguration section */

/* Begin XCConfigurationList section */
		3DFD882F21513636009190AC /* Build configuration list for PBXProject "TestTask_1809" */ = {
			isa = XCConfigurationList;
			buildConfigurations = (
				3DFD884421513637009190AC /* Debug */,
				3DFD884521513637009190AC /* Release */,
			);
			defaultConfigurationIsVisible = 0;
			defaultConfigurationName = Release;
		};
		3DFD884621513637009190AC /* Build configuration list for PBXNativeTarget "TestTask_1809" */ = {
			isa = XCConfigurationList;
			buildConfigurations = (
				3DFD884721513637009190AC /* Debug */,
				3DFD884821513637009190AC /* Release */,
			);
			defaultConfigurationIsVisible = 0;
			defaultConfigurationName = Release;
		};
/* End XCConfigurationList section */
	};
	rootObject = 3DFD882C21513636009190AC /* Project object */;
}
